
Microsoft Visual Studio Solution File, Format Version 12.00
# Visual Studio Version 16
VisualStudioVersion = 16.0.31727.386
MinimumVisualStudioVersion = 10.0.40219.1
Project("{FAE04EC0-301F-11D3-BF4B-00C04F79EFBC}") = "GoogleCalendarAutoMeetingsBuffer", "GoogleCalendarAutoMeetingsBuffer\GoogleCalendarAutoMeetingsBuffer.csproj", "{D24F0FEE-D2F2-4A18-9BA5-DC9E52E24938}"
EndProject
Global
	GlobalSection(SolutionConfigurationPlatforms) = preSolution
		Debug|Any CPU = Debug|Any CPU
		Release|Any CPU = Release|Any CPU
	EndGlobalSection
	GlobalSection(ProjectConfigurationPlatforms) = postSolution
		{D24F0FEE-D2F2-4A18-9BA5-DC9E52E24938}.Debug|Any CPU.ActiveCfg = Debug|Any CPU
		{D24F0FEE-D2F2-4A18-9BA5-DC9E52E24938}.Debug|Any CPU.Build.0 = Debug|Any CPU
		{D24F0FEE-D2F2-4A18-9BA5-DC9E52E24938}.Release|Any CPU.ActiveCfg = Release|Any CPU
		{D24F0FEE-D2F2-4A18-9BA5-DC9E52E24938}.Release|Any CPU.Build.0 = Release|Any CPU
	EndGlobalSection
	GlobalSection(SolutionProperties) = preSolution
		HideSolutionNode = FALSE
	EndGlobalSection
	GlobalSection(ExtensibilityGlobals) = postSolution
		SolutionGuid = {83BE19F0-60B2-4F07-AC03-B267961B912C}
	EndGlobalSection
EndGlobal
